# THIS IS AN AUTOGENERATED FILE. DO NOT EDIT THIS FILE DIRECTLY.
# yarn lockfile v1


coc.nvim@^0.0.81:
  version "0.0.81"
  resolved "https://registry.yarnpkg.com/coc.nvim/-/coc.nvim-0.0.81.tgz#6c28ed4e773e7f274f1c295dd4fa2d46e351d306"
  integrity sha512-e9FSAXPNs3vAgjSrspYRuPcX8L+AQw1T+0SfY0srJ6tsDtWnainnwSvyjInw1tEmGXRMgdBmVowW0JY2qjv9Dw==
